// !$*UTF8*$!
{
	archiveVersion = 1;
	classes = {
	};
	objectVersion = 55;
	objects = {

/* Begin PBXBuildFile section */
		5408F9360D9CDBB8233C53F0 /* Pods_CurrencyInfo.framework in Frameworks */ = {isa = PBXBuildFile; fileRef = 86B8D06A2D686C0461A1AD27 /* Pods_CurrencyInfo.framework */; };
		9ACC4E1D3FC4415C4F3E8C8F /* Pods_CurrencyInfoTests.framework in Frameworks */ = {isa = PBXBuildFile; fileRef = 092DB4A775BD4FDBE0F4E31A /* Pods_CurrencyInfoTests.framework */; };
		EF3AE9D32A2D211400FBC88A /* DetailViewModel.swift in Sources */ = {isa = PBXBuildFile; fileRef = EF3AE9D22A2D211400FBC88A /* DetailViewModel.swift */; };
		EF3AE9D52A2D224500FBC88A /* HistoricalDataService.swift in Sources */ = {isa = PBXBuildFile; fileRef = EF3AE9D42A2D224500FBC88A /* HistoricalDataService.swift */; };
		EF3AE9D72A2D24F900FBC88A /* HistoricalDataModel.swift in Sources */ = {isa = PBXBuildFile; fileRef = EF3AE9D62A2D24F900FBC88A /* HistoricalDataModel.swift */; };
		EF3AE9D92A2D280700FBC88A /* NertworkCaller.swift in Sources */ = {isa = PBXBuildFile; fileRef = EF3AE9D82A2D280700FBC88A /* NertworkCaller.swift */; };
		EF3B04AA2A269B71003D45AB /* AppDelegate.swift in Sources */ = {isa = PBXBuildFile; fileRef = EF3B04A92A269B71003D45AB /* AppDelegate.swift */; };
		EF3B04AC2A269B71003D45AB /* SceneDelegate.swift in Sources */ = {isa = PBXBuildFile; fileRef = EF3B04AB2A269B71003D45AB /* SceneDelegate.swift */; };
		EF3B04AE2A269B71003D45AB /* ConverterScreen.swift in Sources */ = {isa = PBXBuildFile; fileRef = EF3B04AD2A269B71003D45AB /* ConverterScreen.swift */; };
		EF3B04B12A269B71003D45AB /* Main.storyboard in Resources */ = {isa = PBXBuildFile; fileRef = EF3B04AF2A269B71003D45AB /* Main.storyboard */; };
		EF3B04B32A269B72003D45AB /* Assets.xcassets in Resources */ = {isa = PBXBuildFile; fileRef = EF3B04B22A269B72003D45AB /* Assets.xcassets */; };
		EF3B04B62A269B72003D45AB /* LaunchScreen.storyboard in Resources */ = {isa = PBXBuildFile; fileRef = EF3B04B42A269B72003D45AB /* LaunchScreen.storyboard */; };
		EF3B04BE2A269BCA003D45AB /* NetworkConstants.swift in Sources */ = {isa = PBXBuildFile; fileRef = EF3B04BD2A269BCA003D45AB /* NetworkConstants.swift */; };
		EF3B04C12A26A333003D45AB /* LatestRatesModel.swift in Sources */ = {isa = PBXBuildFile; fileRef = EF3B04C02A26A333003D45AB /* LatestRatesModel.swift */; };
		EF3B04C62A26AB15003D45AB /* ConverterScreenVM.swift in Sources */ = {isa = PBXBuildFile; fileRef = EF3B04C52A26AB15003D45AB /* ConverterScreenVM.swift */; };
		EF5940752A2A94FB00D67557 /* DataSourcesTests.swift in Sources */ = {isa = PBXBuildFile; fileRef = EF5940742A2A94FB00D67557 /* DataSourcesTests.swift */; };
		EF72DAF22A29D99E002F9CB1 /* StoryBoardTests.swift in Sources */ = {isa = PBXBuildFile; fileRef = EF72DAF12A29D99E002F9CB1 /* StoryBoardTests.swift */; };
		EF72DAF62A29DA74002F9CB1 /* ConvertScreenTests.swift in Sources */ = {isa = PBXBuildFile; fileRef = EF72DAF52A29DA74002F9CB1 /* ConvertScreenTests.swift */; };
		EF72DAFA2A29F4E6002F9CB1 /* TableViewDataSources.swift in Sources */ = {isa = PBXBuildFile; fileRef = EF72DAF92A29F4E6002F9CB1 /* TableViewDataSources.swift */; };
		EF9C58CF2A2C80E500D29DC6 /* FromTextFieldHandler.swift in Sources */ = {isa = PBXBuildFile; fileRef = EF9C58CE2A2C80E500D29DC6 /* FromTextFieldHandler.swift */; };
		EFD269592A273F17006BE880 /* LatestRates.swift in Sources */ = {isa = PBXBuildFile; fileRef = EFD269582A273F17006BE880 /* LatestRates.swift */; };
		EFD2695B2A274A7D006BE880 /* Extensions.swift in Sources */ = {isa = PBXBuildFile; fileRef = EFD2695A2A274A7D006BE880 /* Extensions.swift */; };
		EFD2695E2A275905006BE880 /* Reachability.swift in Sources */ = {isa = PBXBuildFile; fileRef = EFD2695D2A275905006BE880 /* Reachability.swift */; };
		EFD269602A275A81006BE880 /* ErrorResult.swift in Sources */ = {isa = PBXBuildFile; fileRef = EFD2695F2A275A81006BE880 /* ErrorResult.swift */; };
		EFD91A9D2A2CD2D400E7DC13 /* DetailViewController.swift in Sources */ = {isa = PBXBuildFile; fileRef = EFD91A9C2A2CD2D400E7DC13 /* DetailViewController.swift */; };
		EFD91AA12A2CD35A00E7DC13 /* DetailsViewControllerTests.swift in Sources */ = {isa = PBXBuildFile; fileRef = EFD91AA02A2CD35A00E7DC13 /* DetailsViewControllerTests.swift */; };
		EFD91AA42A2CD38700E7DC13 /* DetailsStoryBoardTests.swift in Sources */ = {isa = PBXBuildFile; fileRef = EFD91AA32A2CD38700E7DC13 /* DetailsStoryBoardTests.swift */; };
		EFD94C902A279ECA007DCF89 /* ViewModelTests.swift in Sources */ = {isa = PBXBuildFile; fileRef = EFD94C8F2A279ECA007DCF89 /* ViewModelTests.swift */; };
/* End PBXBuildFile section */

/* Begin PBXContainerItemProxy section */
		EFD94C912A279ECA007DCF89 /* PBXContainerItemProxy */ = {
			isa = PBXContainerItemProxy;
			containerPortal = EF3B049E2A269B71003D45AB /* Project object */;
			proxyType = 1;
			remoteGlobalIDString = EF3B04A52A269B71003D45AB;
			remoteInfo = CurrencyInfo;
		};
/* End PBXContainerItemProxy section */

/* Begin PBXFileReference section */
		014F338043E0B46AC177BACD /* Pods-CurrencyInfoTests.release.xcconfig */ = {isa = PBXFileReference; includeInIndex = 1; lastKnownFileType = text.xcconfig; name = "Pods-CurrencyInfoTests.release.xcconfig"; path = "Target Support Files/Pods-CurrencyInfoTests/Pods-CurrencyInfoTests.release.xcconfig"; sourceTree = "<group>"; };
		092DB4A775BD4FDBE0F4E31A /* Pods_CurrencyInfoTests.framework */ = {isa = PBXFileReference; explicitFileType = wrapper.framework; includeInIndex = 0; path = Pods_CurrencyInfoTests.framework; sourceTree = BUILT_PRODUCTS_DIR; };
		86B8D06A2D686C0461A1AD27 /* Pods_CurrencyInfo.framework */ = {isa = PBXFileReference; explicitFileType = wrapper.framework; includeInIndex = 0; path = Pods_CurrencyInfo.framework; sourceTree = BUILT_PRODUCTS_DIR; };
		96E9CD4F837528AA4FF31A3E /* Pods-CurrencyInfoTests.debug.xcconfig */ = {isa = PBXFileReference; includeInIndex = 1; lastKnownFileType = text.xcconfig; name = "Pods-CurrencyInfoTests.debug.xcconfig"; path = "Target Support Files/Pods-CurrencyInfoTests/Pods-CurrencyInfoTests.debug.xcconfig"; sourceTree = "<group>"; };
		EECB2AC7CCC3DDD900BC1472 /* Pods-CurrencyInfo.release.xcconfig */ = {isa = PBXFileReference; includeInIndex = 1; lastKnownFileType = text.xcconfig; name = "Pods-CurrencyInfo.release.xcconfig"; path = "Target Support Files/Pods-CurrencyInfo/Pods-CurrencyInfo.release.xcconfig"; sourceTree = "<group>"; };
		EF3AE9D22A2D211400FBC88A /* DetailViewModel.swift */ = {isa = PBXFileReference; lastKnownFileType = sourcecode.swift; path = DetailViewModel.swift; sourceTree = "<group>"; };
		EF3AE9D42A2D224500FBC88A /* HistoricalDataService.swift */ = {isa = PBXFileReference; lastKnownFileType = sourcecode.swift; path = HistoricalDataService.swift; sourceTree = "<group>"; };
		EF3AE9D62A2D24F900FBC88A /* HistoricalDataModel.swift */ = {isa = PBXFileReference; lastKnownFileType = sourcecode.swift; path = HistoricalDataModel.swift; sourceTree = "<group>"; };
		EF3AE9D82A2D280700FBC88A /* NertworkCaller.swift */ = {isa = PBXFileReference; lastKnownFileType = sourcecode.swift; path = NertworkCaller.swift; sourceTree = "<group>"; };
		EF3B04A62A269B71003D45AB /* CurrencyInfo.app */ = {isa = PBXFileReference; explicitFileType = wrapper.application; includeInIndex = 0; path = CurrencyInfo.app; sourceTree = BUILT_PRODUCTS_DIR; };
		EF3B04A92A269B71003D45AB /* AppDelegate.swift */ = {isa = PBXFileReference; lastKnownFileType = sourcecode.swift; path = AppDelegate.swift; sourceTree = "<group>"; };
		EF3B04AB2A269B71003D45AB /* SceneDelegate.swift */ = {isa = PBXFileReference; lastKnownFileType = sourcecode.swift; path = SceneDelegate.swift; sourceTree = "<group>"; };
		EF3B04AD2A269B71003D45AB /* ConverterScreen.swift */ = {isa = PBXFileReference; lastKnownFileType = sourcecode.swift; path = ConverterScreen.swift; sourceTree = "<group>"; };
		EF3B04B02A269B71003D45AB /* Base */ = {isa = PBXFileReference; lastKnownFileType = file.storyboard; name = Base; path = Base.lproj/Main.storyboard; sourceTree = "<group>"; };
		EF3B04B22A269B72003D45AB /* Assets.xcassets */ = {isa = PBXFileReference; lastKnownFileType = folder.assetcatalog; path = Assets.xcassets; sourceTree = "<group>"; };
		EF3B04B52A269B72003D45AB /* Base */ = {isa = PBXFileReference; lastKnownFileType = file.storyboard; name = Base; path = Base.lproj/LaunchScreen.storyboard; sourceTree = "<group>"; };
		EF3B04B72A269B72003D45AB /* Info.plist */ = {isa = PBXFileReference; lastKnownFileType = text.plist.xml; path = Info.plist; sourceTree = "<group>"; };
		EF3B04BD2A269BCA003D45AB /* NetworkConstants.swift */ = {isa = PBXFileReference; lastKnownFileType = sourcecode.swift; path = NetworkConstants.swift; sourceTree = "<group>"; };
		EF3B04C02A26A333003D45AB /* LatestRatesModel.swift */ = {isa = PBXFileReference; lastKnownFileType = sourcecode.swift; path = LatestRatesModel.swift; sourceTree = "<group>"; };
		EF3B04C52A26AB15003D45AB /* ConverterScreenVM.swift */ = {isa = PBXFileReference; lastKnownFileType = sourcecode.swift; path = ConverterScreenVM.swift; sourceTree = "<group>"; };
		EF5940742A2A94FB00D67557 /* DataSourcesTests.swift */ = {isa = PBXFileReference; lastKnownFileType = sourcecode.swift; path = DataSourcesTests.swift; sourceTree = "<group>"; };
		EF72DAF12A29D99E002F9CB1 /* StoryBoardTests.swift */ = {isa = PBXFileReference; lastKnownFileType = sourcecode.swift; path = StoryBoardTests.swift; sourceTree = "<group>"; };
		EF72DAF52A29DA74002F9CB1 /* ConvertScreenTests.swift */ = {isa = PBXFileReference; lastKnownFileType = sourcecode.swift; path = ConvertScreenTests.swift; sourceTree = "<group>"; };
		EF72DAF92A29F4E6002F9CB1 /* TableViewDataSources.swift */ = {isa = PBXFileReference; lastKnownFileType = sourcecode.swift; path = TableViewDataSources.swift; sourceTree = "<group>"; };
		EF9C58CE2A2C80E500D29DC6 /* FromTextFieldHandler.swift */ = {isa = PBXFileReference; lastKnownFileType = sourcecode.swift; path = FromTextFieldHandler.swift; sourceTree = "<group>"; };
		EFD269582A273F17006BE880 /* LatestRates.swift */ = {isa = PBXFileReference; lastKnownFileType = sourcecode.swift; path = LatestRates.swift; sourceTree = "<group>"; };
		EFD2695A2A274A7D006BE880 /* Extensions.swift */ = {isa = PBXFileReference; lastKnownFileType = sourcecode.swift; path = Extensions.swift; sourceTree = "<group>"; };
		EFD2695D2A275905006BE880 /* Reachability.swift */ = {isa = PBXFileReference; lastKnownFileType = sourcecode.swift; path = Reachability.swift; sourceTree = "<group>"; };
		EFD2695F2A275A81006BE880 /* ErrorResult.swift */ = {isa = PBXFileReference; lastKnownFileType = sourcecode.swift; path = ErrorResult.swift; sourceTree = "<group>"; };
		EFD91A9C2A2CD2D400E7DC13 /* DetailViewController.swift */ = {isa = PBXFileReference; lastKnownFileType = sourcecode.swift; path = DetailViewController.swift; sourceTree = "<group>"; };
		EFD91AA02A2CD35A00E7DC13 /* DetailsViewControllerTests.swift */ = {isa = PBXFileReference; lastKnownFileType = sourcecode.swift; path = DetailsViewControllerTests.swift; sourceTree = "<group>"; };
		EFD91AA32A2CD38700E7DC13 /* DetailsStoryBoardTests.swift */ = {isa = PBXFileReference; lastKnownFileType = sourcecode.swift; path = DetailsStoryBoardTests.swift; sourceTree = "<group>"; };
		EFD94C8D2A279ECA007DCF89 /* CurrencyInfoTests.xctest */ = {isa = PBXFileReference; explicitFileType = wrapper.cfbundle; includeInIndex = 0; path = CurrencyInfoTests.xctest; sourceTree = BUILT_PRODUCTS_DIR; };
		EFD94C8F2A279ECA007DCF89 /* ViewModelTests.swift */ = {isa = PBXFileReference; lastKnownFileType = sourcecode.swift; path = ViewModelTests.swift; sourceTree = "<group>"; };
		FDB4AAB2356C7196702DD526 /* Pods-CurrencyInfo.debug.xcconfig */ = {isa = PBXFileReference; includeInIndex = 1; lastKnownFileType = text.xcconfig; name = "Pods-CurrencyInfo.debug.xcconfig"; path = "Target Support Files/Pods-CurrencyInfo/Pods-CurrencyInfo.debug.xcconfig"; sourceTree = "<group>"; };
/* End PBXFileReference section */

/* Begin PBXFrameworksBuildPhase section */
		EF3B04A32A269B71003D45AB /* Frameworks */ = {
			isa = PBXFrameworksBuildPhase;
			buildActionMask = 2147483647;
			files = (
				5408F9360D9CDBB8233C53F0 /* Pods_CurrencyInfo.framework in Frameworks */,
			);
			runOnlyForDeploymentPostprocessing = 0;
		};
		EFD94C8A2A279ECA007DCF89 /* Frameworks */ = {
			isa = PBXFrameworksBuildPhase;
			buildActionMask = 2147483647;
			files = (
				9ACC4E1D3FC4415C4F3E8C8F /* Pods_CurrencyInfoTests.framework in Frameworks */,
			);
			runOnlyForDeploymentPostprocessing = 0;
		};
/* End PBXFrameworksBuildPhase section */

/* Begin PBXGroup section */
		6FF343CCB967552EFDFC0488 /* Frameworks */ = {
			isa = PBXGroup;
			children = (
				86B8D06A2D686C0461A1AD27 /* Pods_CurrencyInfo.framework */,
				092DB4A775BD4FDBE0F4E31A /* Pods_CurrencyInfoTests.framework */,
			);
			name = Frameworks;
			sourceTree = "<group>";
		};
		E4A854496F5F0E7DE33805E6 /* Pods */ = {
			isa = PBXGroup;
			children = (
				FDB4AAB2356C7196702DD526 /* Pods-CurrencyInfo.debug.xcconfig */,
				EECB2AC7CCC3DDD900BC1472 /* Pods-CurrencyInfo.release.xcconfig */,
				96E9CD4F837528AA4FF31A3E /* Pods-CurrencyInfoTests.debug.xcconfig */,
				014F338043E0B46AC177BACD /* Pods-CurrencyInfoTests.release.xcconfig */,
			);
			path = Pods;
			sourceTree = "<group>";
		};
		EF3B049D2A269B71003D45AB = {
			isa = PBXGroup;
			children = (
				EF3B04A82A269B71003D45AB /* CurrencyInfo */,
				EFD94C8E2A279ECA007DCF89 /* CurrencyInfoTests */,
				EF3B04A72A269B71003D45AB /* Products */,
				E4A854496F5F0E7DE33805E6 /* Pods */,
				6FF343CCB967552EFDFC0488 /* Frameworks */,
			);
			sourceTree = "<group>";
		};
		EF3B04A72A269B71003D45AB /* Products */ = {
			isa = PBXGroup;
			children = (
				EF3B04A62A269B71003D45AB /* CurrencyInfo.app */,
				EFD94C8D2A279ECA007DCF89 /* CurrencyInfoTests.xctest */,
			);
			name = Products;
			sourceTree = "<group>";
		};
		EF3B04A82A269B71003D45AB /* CurrencyInfo */ = {
			isa = PBXGroup;
			children = (
				EFD2695A2A274A7D006BE880 /* Extensions.swift */,
				EFD2695C2A2758F2006BE880 /* Reachability */,
				EF3B04BF2A26A319003D45AB /* Networking */,
				EF3B04C42A26AAFA003D45AB /* Screens */,
				EF3B04A92A269B71003D45AB /* AppDelegate.swift */,
				EF3B04AB2A269B71003D45AB /* SceneDelegate.swift */,
				EF3B04AF2A269B71003D45AB /* Main.storyboard */,
				EF3B04B22A269B72003D45AB /* Assets.xcassets */,
				EF3B04B42A269B72003D45AB /* LaunchScreen.storyboard */,
				EF3B04B72A269B72003D45AB /* Info.plist */,
			);
			path = CurrencyInfo;
			sourceTree = "<group>";
		};
		EF3B04BF2A26A319003D45AB /* Networking */ = {
			isa = PBXGroup;
			children = (
				EF3B04C72A26B47F003D45AB /* Models */,
				EFD269572A273EED006BE880 /* Requests */,
				EF3B04BD2A269BCA003D45AB /* NetworkConstants.swift */,
				EFD2695F2A275A81006BE880 /* ErrorResult.swift */,
				EF3AE9D82A2D280700FBC88A /* NertworkCaller.swift */,
			);
			path = Networking;
			sourceTree = "<group>";
		};
		EF3B04C42A26AAFA003D45AB /* Screens */ = {
			isa = PBXGroup;
			children = (
				EFD91A9B2A2CD2BB00E7DC13 /* DetailsScreen */,
				EFD91A9A2A2CD2A900E7DC13 /* HomeScreen */,
			);
			path = Screens;
			sourceTree = "<group>";
		};
		EF3B04C72A26B47F003D45AB /* Models */ = {
			isa = PBXGroup;
			children = (
				EF3B04C02A26A333003D45AB /* LatestRatesModel.swift */,
				EF3AE9D62A2D24F900FBC88A /* HistoricalDataModel.swift */,
			);
			path = Models;
			sourceTree = "<group>";
		};
		EF9C58CD2A2C80C900D29DC6 /* textFieldsHandlers */ = {
			isa = PBXGroup;
			children = (
				EF9C58CE2A2C80E500D29DC6 /* FromTextFieldHandler.swift */,
			);
			path = textFieldsHandlers;
			sourceTree = "<group>";
		};
		EFD269572A273EED006BE880 /* Requests */ = {
			isa = PBXGroup;
			children = (
				EFD269582A273F17006BE880 /* LatestRates.swift */,
				EF3AE9D42A2D224500FBC88A /* HistoricalDataService.swift */,
			);
			path = Requests;
			sourceTree = "<group>";
		};
		EFD2695C2A2758F2006BE880 /* Reachability */ = {
			isa = PBXGroup;
			children = (
				EFD2695D2A275905006BE880 /* Reachability.swift */,
			);
			path = Reachability;
			sourceTree = "<group>";
		};
		EFD91A9A2A2CD2A900E7DC13 /* HomeScreen */ = {
			isa = PBXGroup;
			children = (
				EF9C58CD2A2C80C900D29DC6 /* textFieldsHandlers */,
				EF3B04C52A26AB15003D45AB /* ConverterScreenVM.swift */,
				EF3B04AD2A269B71003D45AB /* ConverterScreen.swift */,
				EF72DAF92A29F4E6002F9CB1 /* TableViewDataSources.swift */,
			);
			path = HomeScreen;
			sourceTree = "<group>";
		};
		EFD91A9B2A2CD2BB00E7DC13 /* DetailsScreen */ = {
			isa = PBXGroup;
			children = (
				EFD91A9C2A2CD2D400E7DC13 /* DetailViewController.swift */,
				EF3AE9D22A2D211400FBC88A /* DetailViewModel.swift */,
			);
			path = DetailsScreen;
			sourceTree = "<group>";
		};
		EFD91A9E2A2CD32E00E7DC13 /* HomeScreenTests */ = {
			isa = PBXGroup;
			children = (
				EFD94C8F2A279ECA007DCF89 /* ViewModelTests.swift */,
				EF72DAF12A29D99E002F9CB1 /* StoryBoardTests.swift */,
				EF72DAF52A29DA74002F9CB1 /* ConvertScreenTests.swift */,
				EF5940742A2A94FB00D67557 /* DataSourcesTests.swift */,
			);
			path = HomeScreenTests;
			sourceTree = "<group>";
		};
		EFD91A9F2A2CD34000E7DC13 /* DetailsScreenTests */ = {
			isa = PBXGroup;
			children = (
				EFD91AA02A2CD35A00E7DC13 /* DetailsViewControllerTests.swift */,
				EFD91AA32A2CD38700E7DC13 /* DetailsStoryBoardTests.swift */,
			);
			path = DetailsScreenTests;
			sourceTree = "<group>";
		};
		EFD94C8E2A279ECA007DCF89 /* CurrencyInfoTests */ = {
			isa = PBXGroup;
			children = (
				EFD91A9F2A2CD34000E7DC13 /* DetailsScreenTests */,
				EFD91A9E2A2CD32E00E7DC13 /* HomeScreenTests */,
			);
			path = CurrencyInfoTests;
			sourceTree = "<group>";
		};
/* End PBXGroup section */

/* Begin PBXNativeTarget section */
		EF3B04A52A269B71003D45AB /* CurrencyInfo */ = {
			isa = PBXNativeTarget;
			buildConfigurationList = EF3B04BA2A269B72003D45AB /* Build configuration list for PBXNativeTarget "CurrencyInfo" */;
			buildPhases = (
				9C91047F230AE4847488462E /* [CP] Check Pods Manifest.lock */,
				EF3B04A22A269B71003D45AB /* Sources */,
				EF3B04A32A269B71003D45AB /* Frameworks */,
				EF3B04A42A269B71003D45AB /* Resources */,
				EF6BE5122A2DC9F500F0B311 /* ShellScript */,
				BC54CADEE93405946BD0D790 /* [CP] Embed Pods Frameworks */,
			);
			buildRules = (
			);
			dependencies = (
			);
			name = CurrencyInfo;
			productName = CurrencyInfo;
			productReference = EF3B04A62A269B71003D45AB /* CurrencyInfo.app */;
			productType = "com.apple.product-type.application";
		};
		EFD94C8C2A279ECA007DCF89 /* CurrencyInfoTests */ = {
			isa = PBXNativeTarget;
			buildConfigurationList = EFD94C932A279ECA007DCF89 /* Build configuration list for PBXNativeTarget "CurrencyInfoTests" */;
			buildPhases = (
				9AFDD3CC19276F33998D83A9 /* [CP] Check Pods Manifest.lock */,
				EFD94C892A279ECA007DCF89 /* Sources */,
				EFD94C8A2A279ECA007DCF89 /* Frameworks */,
				EFD94C8B2A279ECA007DCF89 /* Resources */,
				1B1BEB12ADFB6E022DF744A7 /* [CP] Embed Pods Frameworks */,
			);
			buildRules = (
			);
			dependencies = (
				EFD94C922A279ECA007DCF89 /* PBXTargetDependency */,
			);
			name = CurrencyInfoTests;
			productName = CurrencyInfoTests;
			productReference = EFD94C8D2A279ECA007DCF89 /* CurrencyInfoTests.xctest */;
			productType = "com.apple.product-type.bundle.unit-test";
		};
/* End PBXNativeTarget section */

/* Begin PBXProject section */
		EF3B049E2A269B71003D45AB /* Project object */ = {
			isa = PBXProject;
			attributes = {
				BuildIndependentTargetsInParallel = 1;
				LastSwiftUpdateCheck = 1430;
				LastUpgradeCheck = 1420;
				TargetAttributes = {
					EF3B04A52A269B71003D45AB = {
						CreatedOnToolsVersion = 14.2;
					};
					EFD94C8C2A279ECA007DCF89 = {
						CreatedOnToolsVersion = 14.3;
						TestTargetID = EF3B04A52A269B71003D45AB;
					};
				};
			};
			buildConfigurationList = EF3B04A12A269B71003D45AB /* Build configuration list for PBXProject "CurrencyInfo" */;
			compatibilityVersion = "Xcode 13.0";
			developmentRegion = en;
			hasScannedForEncodings = 0;
			knownRegions = (
				en,
				Base,
			);
			mainGroup = EF3B049D2A269B71003D45AB;
			productRefGroup = EF3B04A72A269B71003D45AB /* Products */;
			projectDirPath = "";
			projectRoot = "";
			targets = (
				EF3B04A52A269B71003D45AB /* CurrencyInfo */,
				EFD94C8C2A279ECA007DCF89 /* CurrencyInfoTests */,
			);
		};
/* End PBXProject section */

/* Begin PBXResourcesBuildPhase section */
		EF3B04A42A269B71003D45AB /* Resources */ = {
			isa = PBXResourcesBuildPhase;
			buildActionMask = 2147483647;
			files = (
				EF3B04B62A269B72003D45AB /* LaunchScreen.storyboard in Resources */,
				EF3B04B32A269B72003D45AB /* Assets.xcassets in Resources */,
				EF3B04B12A269B71003D45AB /* Main.storyboard in Resources */,
			);
			runOnlyForDeploymentPostprocessing = 0;
		};
		EFD94C8B2A279ECA007DCF89 /* Resources */ = {
			isa = PBXResourcesBuildPhase;
			buildActionMask = 2147483647;
			files = (
			);
			runOnlyForDeploymentPostprocessing = 0;
		};
/* End PBXResourcesBuildPhase section */

/* Begin PBXShellScriptBuildPhase section */
		1B1BEB12ADFB6E022DF744A7 /* [CP] Embed Pods Frameworks */ = {
			isa = PBXShellScriptBuildPhase;
			buildActionMask = 2147483647;
			files = (
			);
			inputFileListPaths = (
				"${PODS_ROOT}/Target Support Files/Pods-CurrencyInfoTests/Pods-CurrencyInfoTests-frameworks-${CONFIGURATION}-input-files.xcfilelist",
			);
			name = "[CP] Embed Pods Frameworks";
			outputFileListPaths = (
				"${PODS_ROOT}/Target Support Files/Pods-CurrencyInfoTests/Pods-CurrencyInfoTests-frameworks-${CONFIGURATION}-output-files.xcfilelist",
			);
			runOnlyForDeploymentPostprocessing = 0;
			shellPath = /bin/sh;
			shellScript = "\"${PODS_ROOT}/Target Support Files/Pods-CurrencyInfoTests/Pods-CurrencyInfoTests-frameworks.sh\"\n";
			showEnvVarsInLog = 0;
		};
		9AFDD3CC19276F33998D83A9 /* [CP] Check Pods Manifest.lock */ = {
			isa = PBXShellScriptBuildPhase;
			buildActionMask = 2147483647;
			files = (
			);
			inputFileListPaths = (
			);
			inputPaths = (
				"${PODS_PODFILE_DIR_PATH}/Podfile.lock",
				"${PODS_ROOT}/Manifest.lock",
			);
			name = "[CP] Check Pods Manifest.lock";
			outputFileListPaths = (
			);
			outputPaths = (
				"$(DERIVED_FILE_DIR)/Pods-CurrencyInfoTests-checkManifestLockResult.txt",
			);
			runOnlyForDeploymentPostprocessing = 0;
			shellPath = /bin/sh;
			shellScript = "diff \"${PODS_PODFILE_DIR_PATH}/Podfile.lock\" \"${PODS_ROOT}/Manifest.lock\" > /dev/null\nif [ $? != 0 ] ; then\n    # print error to STDERR\n    echo \"error: The sandbox is not in sync with the Podfile.lock. Run 'pod install' or update your CocoaPods installation.\" >&2\n    exit 1\nfi\n# This output is used by Xcode 'outputs' to avoid re-running this script phase.\necho \"SUCCESS\" > \"${SCRIPT_OUTPUT_FILE_0}\"\n";
			showEnvVarsInLog = 0;
		};
		9C91047F230AE4847488462E /* [CP] Check Pods Manifest.lock */ = {
			isa = PBXShellScriptBuildPhase;
			buildActionMask = 2147483647;
			files = (
			);
			inputFileListPaths = (
			);
			inputPaths = (
				"${PODS_PODFILE_DIR_PATH}/Podfile.lock",
				"${PODS_ROOT}/Manifest.lock",
			);
			name = "[CP] Check Pods Manifest.lock";
			outputFileListPaths = (
			);
			outputPaths = (
				"$(DERIVED_FILE_DIR)/Pods-CurrencyInfo-checkManifestLockResult.txt",
			);
			runOnlyForDeploymentPostprocessing = 0;
			shellPath = /bin/sh;
			shellScript = "diff \"${PODS_PODFILE_DIR_PATH}/Podfile.lock\" \"${PODS_ROOT}/Manifest.lock\" > /dev/null\nif [ $? != 0 ] ; then\n    # print error to STDERR\n    echo \"error: The sandbox is not in sync with the Podfile.lock. Run 'pod install' or update your CocoaPods installation.\" >&2\n    exit 1\nfi\n# This output is used by Xcode 'outputs' to avoid re-running this script phase.\necho \"SUCCESS\" > \"${SCRIPT_OUTPUT_FILE_0}\"\n";
			showEnvVarsInLog = 0;
		};
		BC54CADEE93405946BD0D790 /* [CP] Embed Pods Frameworks */ = {
			isa = PBXShellScriptBuildPhase;
			buildActionMask = 2147483647;
			files = (
			);
			inputFileListPaths = (
				"${PODS_ROOT}/Target Support Files/Pods-CurrencyInfo/Pods-CurrencyInfo-frameworks-${CONFIGURATION}-input-files.xcfilelist",
			);
			name = "[CP] Embed Pods Frameworks";
			outputFileListPaths = (
				"${PODS_ROOT}/Target Support Files/Pods-CurrencyInfo/Pods-CurrencyInfo-frameworks-${CONFIGURATION}-output-files.xcfilelist",
			);
			runOnlyForDeploymentPostprocessing = 0;
			shellPath = /bin/sh;
			shellScript = "\"${PODS_ROOT}/Target Support Files/Pods-CurrencyInfo/Pods-CurrencyInfo-frameworks.sh\"\n";
			showEnvVarsInLog = 0;
		};
		EF6BE5122A2DC9F500F0B311 /* ShellScript */ = {
			isa = PBXShellScriptBuildPhase;
			alwaysOutOfDate = 1;
			buildActionMask = 2147483647;
			files = (
			);
			inputFileListPaths = (
			);
			inputPaths = (
			);
			outputFileListPaths = (
			);
			outputPaths = (
			);
			runOnlyForDeploymentPostprocessing = 0;
			shellPath = /bin/sh;
			shellScript = "\"${PODS_ROOT}/SwiftLint/swiftlint\"\n";
		};
/* End PBXShellScriptBuildPhase section */

/* Begin PBXSourcesBuildPhase section */
		EF3B04A22A269B71003D45AB /* Sources */ = {
			isa = PBXSourcesBuildPhase;
			buildActionMask = 2147483647;
			files = (
				EFD91A9D2A2CD2D400E7DC13 /* DetailViewController.swift in Sources */,
				EF3AE9D92A2D280700FBC88A /* NertworkCaller.swift in Sources */,
				EF3AE9D72A2D24F900FBC88A /* HistoricalDataModel.swift in Sources */,
				EF3B04C12A26A333003D45AB /* LatestRatesModel.swift in Sources */,
				EF3AE9D52A2D224500FBC88A /* HistoricalDataService.swift in Sources */,
				EF3B04AE2A269B71003D45AB /* ConverterScreen.swift in Sources */,
				EF3B04AA2A269B71003D45AB /* AppDelegate.swift in Sources */,
				EFD269602A275A81006BE880 /* ErrorResult.swift in Sources */,
				EF9C58CF2A2C80E500D29DC6 /* FromTextFieldHandler.swift in Sources */,
				EF3B04C62A26AB15003D45AB /* ConverterScreenVM.swift in Sources */,
				EFD269592A273F17006BE880 /* LatestRates.swift in Sources */,
				EFD2695B2A274A7D006BE880 /* Extensions.swift in Sources */,
				EF3AE9D32A2D211400FBC88A /* DetailViewModel.swift in Sources */,
				EFD2695E2A275905006BE880 /* Reachability.swift in Sources */,
				EF3B04BE2A269BCA003D45AB /* NetworkConstants.swift in Sources */,
				EF3B04AC2A269B71003D45AB /* SceneDelegate.swift in Sources */,
				EF72DAFA2A29F4E6002F9CB1 /* TableViewDataSources.swift in Sources */,
			);
			runOnlyForDeploymentPostprocessing = 0;
		};
		EFD94C892A279ECA007DCF89 /* Sources */ = {
			isa = PBXSourcesBuildPhase;
			buildActionMask = 2147483647;
			files = (
				EF72DAF62A29DA74002F9CB1 /* ConvertScreenTests.swift in Sources */,
				EFD91AA12A2CD35A00E7DC13 /* DetailsViewControllerTests.swift in Sources */,
				EFD91AA42A2CD38700E7DC13 /* DetailsStoryBoardTests.swift in Sources */,
				EF72DAF22A29D99E002F9CB1 /* StoryBoardTests.swift in Sources */,
				EF5940752A2A94FB00D67557 /* DataSourcesTests.swift in Sources */,
				EFD94C902A279ECA007DCF89 /* ViewModelTests.swift in Sources */,
			);
			runOnlyForDeploymentPostprocessing = 0;
		};
/* End PBXSourcesBuildPhase section */

/* Begin PBXTargetDependency section */
		EFD94C922A279ECA007DCF89 /* PBXTargetDependency */ = {
			isa = PBXTargetDependency;
			target = EF3B04A52A269B71003D45AB /* CurrencyInfo */;
			targetProxy = EFD94C912A279ECA007DCF89 /* PBXContainerItemProxy */;
		};
/* End PBXTargetDependency section */

/* Begin PBXVariantGroup section */
		EF3B04AF2A269B71003D45AB /* Main.storyboard */ = {
			isa = PBXVariantGroup;
			children = (
				EF3B04B02A269B71003D45AB /* Base */,
			);
			name = Main.storyboard;
			sourceTree = "<group>";
		};
		EF3B04B42A269B72003D45AB /* LaunchScreen.storyboard */ = {
			isa = PBXVariantGroup;
			children = (
				EF3B04B52A269B72003D45AB /* Base */,
			);
			name = LaunchScreen.storyboard;
			sourceTree = "<group>";
		};
/* End PBXVariantGroup section */

/* Begin XCBuildConfiguration section */
		EF3B04B82A269B72003D45AB /* Debug */ = {
			isa = XCBuildConfiguration;
			buildSettings = {
				ALWAYS_SEARCH_USER_PATHS = NO;
				CLANG_ANALYZER_NONNULL = YES;
				CLANG_ANALYZER_NUMBER_OBJECT_CONVERSION = YES_AGGRESSIVE;
				CLANG_CXX_LANGUAGE_STANDARD = "gnu++20";
				CLANG_ENABLE_MODULES = YES;
				CLANG_ENABLE_OBJC_ARC = YES;
				CLANG_ENABLE_OBJC_WEAK = YES;
				CLANG_WARN_BLOCK_CAPTURE_AUTORELEASING = YES;
				CLANG_WARN_BOOL_CONVERSION = YES;
				CLANG_WARN_COMMA = YES;
				CLANG_WARN_CONSTANT_CONVERSION = YES;
				CLANG_WARN_DEPRECATED_OBJC_IMPLEMENTATIONS = YES;
				CLANG_WARN_DIRECT_OBJC_ISA_USAGE = YES_ERROR;
				CLANG_WARN_DOCUMENTATION_COMMENTS = YES;
				CLANG_WARN_EMPTY_BODY = YES;
				CLANG_WARN_ENUM_CONVERSION = YES;
				CLANG_WARN_INFINITE_RECURSION = YES;
				CLANG_WARN_INT_CONVERSION = YES;
				CLANG_WARN_NON_LITERAL_NULL_CONVERSION = YES;
				CLANG_WARN_OBJC_IMPLICIT_RETAIN_SELF = YES;
				CLANG_WARN_OBJC_LITERAL_CONVERSION = YES;
				CLANG_WARN_OBJC_ROOT_CLASS = YES_ERROR;
				CLANG_WARN_QUOTED_INCLUDE_IN_FRAMEWORK_HEADER = YES;
				CLANG_WARN_RANGE_LOOP_ANALYSIS = YES;
				CLANG_WARN_STRICT_PROTOTYPES = YES;
				CLANG_WARN_SUSPICIOUS_MOVE = YES;
				CLANG_WARN_UNGUARDED_AVAILABILITY = YES_AGGRESSIVE;
				CLANG_WARN_UNREACHABLE_CODE = YES;
				CLANG_WARN__DUPLICATE_METHOD_MATCH = YES;
				COPY_PHASE_STRIP = NO;
				DEBUG_INFORMATION_FORMAT = dwarf;
				ENABLE_STRICT_OBJC_MSGSEND = YES;
				ENABLE_TESTABILITY = YES;
				GCC_C_LANGUAGE_STANDARD = gnu11;
				GCC_DYNAMIC_NO_PIC = NO;
				GCC_NO_COMMON_BLOCKS = YES;
				GCC_OPTIMIZATION_LEVEL = 0;
				GCC_PREPROCESSOR_DEFINITIONS = (
					"DEBUG=1",
					"$(inherited)",
				);
				GCC_WARN_64_TO_32_BIT_CONVERSION = YES;
				GCC_WARN_ABOUT_RETURN_TYPE = YES_ERROR;
				GCC_WARN_UNDECLARED_SELECTOR = YES;
				GCC_WARN_UNINITIALIZED_AUTOS = YES_AGGRESSIVE;
				GCC_WARN_UNUSED_FUNCTION = YES;
				GCC_WARN_UNUSED_VARIABLE = YES;
				IPHONEOS_DEPLOYMENT_TARGET = 16.2;
				MTL_ENABLE_DEBUG_INFO = INCLUDE_SOURCE;
				MTL_FAST_MATH = YES;
				ONLY_ACTIVE_ARCH = YES;
				SDKROOT = iphoneos;
				SWIFT_ACTIVE_COMPILATION_CONDITIONS = DEBUG;
				SWIFT_OPTIMIZATION_LEVEL = "-Onone";
			};
			name = Debug;
		};
		EF3B04B92A269B72003D45AB /* Release */ = {
			isa = XCBuildConfiguration;
			buildSettings = {
				ALWAYS_SEARCH_USER_PATHS = NO;
				CLANG_ANALYZER_NONNULL = YES;
				CLANG_ANALYZER_NUMBER_OBJECT_CONVERSION = YES_AGGRESSIVE;
				CLANG_CXX_LANGUAGE_STANDARD = "gnu++20";
				CLANG_ENABLE_MODULES = YES;
				CLANG_ENABLE_OBJC_ARC = YES;
				CLANG_ENABLE_OBJC_WEAK = YES;
				CLANG_WARN_BLOCK_CAPTURE_AUTORELEASING = YES;
				CLANG_WARN_BOOL_CONVERSION = YES;
				CLANG_WARN_COMMA = YES;
				CLANG_WARN_CONSTANT_CONVERSION = YES;
				CLANG_WARN_DEPRECATED_OBJC_IMPLEMENTATIONS = YES;
				CLANG_WARN_DIRECT_OBJC_ISA_USAGE = YES_ERROR;
				CLANG_WARN_DOCUMENTATION_COMMENTS = YES;
				CLANG_WARN_EMPTY_BODY = YES;
				CLANG_WARN_ENUM_CONVERSION = YES;
				CLANG_WARN_INFINITE_RECURSION = YES;
				CLANG_WARN_INT_CONVERSION = YES;
				CLANG_WARN_NON_LITERAL_NULL_CONVERSION = YES;
				CLANG_WARN_OBJC_IMPLICIT_RETAIN_SELF = YES;
				CLANG_WARN_OBJC_LITERAL_CONVERSION = YES;
				CLANG_WARN_OBJC_ROOT_CLASS = YES_ERROR;
				CLANG_WARN_QUOTED_INCLUDE_IN_FRAMEWORK_HEADER = YES;
				CLANG_WARN_RANGE_LOOP_ANALYSIS = YES;
				CLANG_WARN_STRICT_PROTOTYPES = YES;
				CLANG_WARN_SUSPICIOUS_MOVE = YES;
				CLANG_WARN_UNGUARDED_AVAILABILITY = YES_AGGRESSIVE;
				CLANG_WARN_UNREACHABLE_CODE = YES;
				CLANG_WARN__DUPLICATE_METHOD_MATCH = YES;
				COPY_PHASE_STRIP = NO;
				DEBUG_INFORMATION_FORMAT = "dwarf-with-dsym";
				ENABLE_NS_ASSERTIONS = NO;
				ENABLE_STRICT_OBJC_MSGSEND = YES;
				GCC_C_LANGUAGE_STANDARD = gnu11;
				GCC_NO_COMMON_BLOCKS = YES;
				GCC_WARN_64_TO_32_BIT_CONVERSION = YES;
				GCC_WARN_ABOUT_RETURN_TYPE = YES_ERROR;
				GCC_WARN_UNDECLARED_SELECTOR = YES;
				GCC_WARN_UNINITIALIZED_AUTOS = YES_AGGRESSIVE;
				GCC_WARN_UNUSED_FUNCTION = YES;
				GCC_WARN_UNUSED_VARIABLE = YES;
				IPHONEOS_DEPLOYMENT_TARGET = 16.2;
				MTL_ENABLE_DEBUG_INFO = NO;
				MTL_FAST_MATH = YES;
				SDKROOT = iphoneos;
				SWIFT_COMPILATION_MODE = wholemodule;
				SWIFT_OPTIMIZATION_LEVEL = "-O";
				VALIDATE_PRODUCT = YES;
			};
			name = Release;
		};
		EF3B04BB2A269B72003D45AB /* Debug */ = {
			isa = XCBuildConfiguration;
			baseConfigurationReference = FDB4AAB2356C7196702DD526 /* Pods-CurrencyInfo.debug.xcconfig */;
			buildSettings = {
				ASSETCATALOG_COMPILER_APPICON_NAME = AppIcon;
				ASSETCATALOG_COMPILER_GLOBAL_ACCENT_COLOR_NAME = AccentColor;
				CODE_SIGN_STYLE = Automatic;
				CURRENT_PROJECT_VERSION = 1;
				DEVELOPMENT_TEAM = 877W3Y5LK2;
				FRAMEWORK_SEARCH_PATHS = (
					"$(inherited)",
					"\"${PODS_CONFIGURATION_BUILD_DIR}/RxCocoa\"",
					"\"${PODS_CONFIGURATION_BUILD_DIR}/RxRelay\"",
					"\"${PODS_CONFIGURATION_BUILD_DIR}/RxSwift-framework\"",
					"$(PROJECT_DIR)",
				);
				GENERATE_INFOPLIST_FILE = YES;
				INFOPLIST_FILE = CurrencyInfo/Info.plist;
				INFOPLIST_KEY_UIApplicationSupportsIndirectInputEvents = YES;
				INFOPLIST_KEY_UILaunchStoryboardName = LaunchScreen;
				INFOPLIST_KEY_UIMainStoryboardFile = Main;
				INFOPLIST_KEY_UISupportedInterfaceOrientations_iPad = "UIInterfaceOrientationPortrait UIInterfaceOrientationPortraitUpsideDown UIInterfaceOrientationLandscapeLeft UIInterfaceOrientationLandscapeRight";
				INFOPLIST_KEY_UISupportedInterfaceOrientations_iPhone = "UIInterfaceOrientationPortrait UIInterfaceOrientationLandscapeLeft UIInterfaceOrientationLandscapeRight";
				LD_RUNPATH_SEARCH_PATHS = (
					"$(inherited)",
					"@executable_path/Frameworks",
				);
				MARKETING_VERSION = 1.0;
				PRODUCT_BUNDLE_IDENTIFIER = justme.CurrencyInfo;
				PRODUCT_NAME = "$(TARGET_NAME)";
				SWIFT_EMIT_LOC_STRINGS = YES;
				SWIFT_VERSION = 5.0;
				TARGETED_DEVICE_FAMILY = "1,2";
			};
			name = Debug;
		};
		EF3B04BC2A269B72003D45AB /* Release */ = {
			isa = XCBuildConfiguration;
			baseConfigurationReference = EECB2AC7CCC3DDD900BC1472 /* Pods-CurrencyInfo.release.xcconfig */;
			buildSettings = {
				ASSETCATALOG_COMPILER_APPICON_NAME = AppIcon;
				ASSETCATALOG_COMPILER_GLOBAL_ACCENT_COLOR_NAME = AccentColor;
				CODE_SIGN_STYLE = Automatic;
				CURRENT_PROJECT_VERSION = 1;
				DEVELOPMENT_TEAM = 877W3Y5LK2;
				FRAMEWORK_SEARCH_PATHS = (
					"$(inherited)",
					"\"${PODS_CONFIGURATION_BUILD_DIR}/RxCocoa\"",
					"\"${PODS_CONFIGURATION_BUILD_DIR}/RxRelay\"",
					"\"${PODS_CONFIGURATION_BUILD_DIR}/RxSwift-framework\"",
					"$(PROJECT_DIR)",
				);
				GENERATE_INFOPLIST_FILE = YES;
				INFOPLIST_FILE = CurrencyInfo/Info.plist;
				INFOPLIST_KEY_UIApplicationSupportsIndirectInputEvents = YES;
				INFOPLIST_KEY_UILaunchStoryboardName = LaunchScreen;
				INFOPLIST_KEY_UIMainStoryboardFile = Main;
				INFOPLIST_KEY_UISupportedInterfaceOrientations_iPad = "UIInterfaceOrientationPortrait UIInterfaceOrientationPortraitUpsideDown UIInterfaceOrientationLandscapeLeft UIInterfaceOrientationLandscapeRight";
				INFOPLIST_KEY_UISupportedInterfaceOrientations_iPhone = "UIInterfaceOrientationPortrait UIInterfaceOrientationLandscapeLeft UIInterfaceOrientationLandscapeRight";
				LD_RUNPATH_SEARCH_PATHS = (
					"$(inherited)",
					"@executable_path/Frameworks",
				);
				MARKETING_VERSION = 1.0;
				PRODUCT_BUNDLE_IDENTIFIER = justme.CurrencyInfo;
				PRODUCT_NAME = "$(TARGET_NAME)";
				SWIFT_EMIT_LOC_STRINGS = YES;
				SWIFT_VERSION = 5.0;
				TARGETED_DEVICE_FAMILY = "1,2";
			};
			name = Release;
		};
		EFD94C942A279ECA007DCF89 /* Debug */ = {
			isa = XCBuildConfiguration;
			baseConfigurationReference = 96E9CD4F837528AA4FF31A3E /* Pods-CurrencyInfoTests.debug.xcconfig */;
			buildSettings = {
				BUNDLE_LOADER = "$(TEST_HOST)";
				CODE_SIGN_STYLE = Automatic;
				CURRENT_PROJECT_VERSION = 1;
				DEVELOPMENT_TEAM = 877W3Y5LK2;
				FRAMEWORK_SEARCH_PATHS = (
					"$(inherited)",
					"$(PROJECT_DIR)",
				);
				GENERATE_INFOPLIST_FILE = YES;
				IPHONEOS_DEPLOYMENT_TARGET = 16.2;
				MARKETING_VERSION = 1.0;
				PRODUCT_BUNDLE_IDENTIFIER = com.ArapApp.CurrencyInfoTests;
				PRODUCT_NAME = "$(TARGET_NAME)";
				SWIFT_EMIT_LOC_STRINGS = NO;
				SWIFT_VERSION = 5.0;
				TARGETED_DEVICE_FAMILY = "1,2";
				TEST_HOST = "$(BUILT_PRODUCTS_DIR)/CurrencyInfo.app/$(BUNDLE_EXECUTABLE_FOLDER_PATH)/CurrencyInfo";
			};
			name = Debug;
		};
		EFD94C952A279ECA007DCF89 /* Release */ = {
			isa = XCBuildConfiguration;
			baseConfigurationReference = 014F338043E0B46AC177BACD /* Pods-CurrencyInfoTests.release.xcconfig */;
			buildSettings = {
				BUNDLE_LOADER = "$(TEST_HOST)";
				CODE_SIGN_STYLE = Automatic;
				CURRENT_PROJECT_VERSION = 1;
				DEVELOPMENT_TEAM = 877W3Y5LK2;
				FRAMEWORK_SEARCH_PATHS = (
					"$(inherited)",
					"$(PROJECT_DIR)",
				);
				GENERATE_INFOPLIST_FILE = YES;
				IPHONEOS_DEPLOYMENT_TARGET = 16.2;
				MARKETING_VERSION = 1.0;
				PRODUCT_BUNDLE_IDENTIFIER = com.ArapApp.CurrencyInfoTests;
				PRODUCT_NAME = "$(TARGET_NAME)";
				SWIFT_EMIT_LOC_STRINGS = NO;
				SWIFT_VERSION = 5.0;
				TARGETED_DEVICE_FAMILY = "1,2";
				TEST_HOST = "$(BUILT_PRODUCTS_DIR)/CurrencyInfo.app/$(BUNDLE_EXECUTABLE_FOLDER_PATH)/CurrencyInfo";
			};
			name = Release;
		};
/* End XCBuildConfiguration section */

/* Begin XCConfigurationList section */
		EF3B04A12A269B71003D45AB /* Build configuration list for PBXProject "CurrencyInfo" */ = {
			isa = XCConfigurationList;
			buildConfigurations = (
				EF3B04B82A269B72003D45AB /* Debug */,
				EF3B04B92A269B72003D45AB /* Release */,
			);
			defaultConfigurationIsVisible = 0;
			defaultConfigurationName = Release;
		};
		EF3B04BA2A269B72003D45AB /* Build configuration list for PBXNativeTarget "CurrencyInfo" */ = {
			isa = XCConfigurationList;
			buildConfigurations = (
				EF3B04BB2A269B72003D45AB /* Debug */,
				EF3B04BC2A269B72003D45AB /* Release */,
			);
			defaultConfigurationIsVisible = 0;
			defaultConfigurationName = Release;
		};
		EFD94C932A279ECA007DCF89 /* Build configuration list for PBXNativeTarget "CurrencyInfoTests" */ = {
			isa = XCConfigurationList;
			buildConfigurations = (
				EFD94C942A279ECA007DCF89 /* Debug */,
				EFD94C952A279ECA007DCF89 /* Release */,
			);
			defaultConfigurationIsVisible = 0;
			defaultConfigurationName = Release;
		};
/* End XCConfigurationList section */
	};
	rootObject = EF3B049E2A269B71003D45AB /* Project object */;
}
